
Microsoft Visual Studio Solution File, Format Version 12.00
# Visual Studio Version 17
VisualStudioVersion = 17.9.34622.214
MinimumVisualStudioVersion = 10.0.40219.1
Project("{9A19103F-16F7-4668-BE54-9A1E7A4F7556}") = "Inventory", "Inventory\Inventory.csproj", "{2029F816-B052-4FA7-BBA1-51206E6DEBA5}"
EndProject
Project("{9A19103F-16F7-4668-BE54-9A1E7A4F7556}") = "Order", "Order\Order.csproj", "{B737DB08-8A17-419B-A2F2-83986A2A3A3D}"
EndProject
Project("{FAE04EC0-301F-11D3-BF4B-00C04F79EFBC}") = "Common.Models", "Common.Models\Common.Models.csproj", "{6242B8E6-BD46-4773-8B06-60CE9B6362B3}"
EndProject
Project("{FAE04EC0-301F-11D3-BF4B-00C04F79EFBC}") = "ApiGateway", "ApiGateway\ApiGateway.csproj", "{E588385B-4A48-41B0-9D55-2CED77CB2188}"
EndProject
Global
	GlobalSection(SolutionConfigurationPlatforms) = preSolution
		Debug|Any CPU = Debug|Any CPU
		Release|Any CPU = Release|Any CPU
	EndGlobalSection
	GlobalSection(ProjectConfigurationPlatforms) = postSolution
		{2029F816-B052-4FA7-BBA1-51206E6DEBA5}.Debug|Any CPU.ActiveCfg = Debug|Any CPU
		{2029F816-B052-4FA7-BBA1-51206E6DEBA5}.Debug|Any CPU.Build.0 = Debug|Any CPU
		{2029F816-B052-4FA7-BBA1-51206E6DEBA5}.Release|Any CPU.ActiveCfg = Release|Any CPU
		{2029F816-B052-4FA7-BBA1-51206E6DEBA5}.Release|Any CPU.Build.0 = Release|Any CPU
		{B737DB08-8A17-419B-A2F2-83986A2A3A3D}.Debug|Any CPU.ActiveCfg = Debug|Any CPU
		{B737DB08-8A17-419B-A2F2-83986A2A3A3D}.Debug|Any CPU.Build.0 = Debug|Any CPU
		{B737DB08-8A17-419B-A2F2-83986A2A3A3D}.Release|Any CPU.ActiveCfg = Release|Any CPU
		{B737DB08-8A17-419B-A2F2-83986A2A3A3D}.Release|Any CPU.Build.0 = Release|Any CPU
		{6242B8E6-BD46-4773-8B06-60CE9B6362B3}.Debug|Any CPU.ActiveCfg = Debug|Any CPU
		{6242B8E6-BD46-4773-8B06-60CE9B6362B3}.Debug|Any CPU.Build.0 = Debug|Any CPU
		{6242B8E6-BD46-4773-8B06-60CE9B6362B3}.Release|Any CPU.ActiveCfg = Release|Any CPU
		{6242B8E6-BD46-4773-8B06-60CE9B6362B3}.Release|Any CPU.Build.0 = Release|Any CPU
		{E588385B-4A48-41B0-9D55-2CED77CB2188}.Debug|Any CPU.ActiveCfg = Debug|Any CPU
		{E588385B-4A48-41B0-9D55-2CED77CB2188}.Debug|Any CPU.Build.0 = Debug|Any CPU
		{E588385B-4A48-41B0-9D55-2CED77CB2188}.Release|Any CPU.ActiveCfg = Release|Any CPU
		{E588385B-4A48-41B0-9D55-2CED77CB2188}.Release|Any CPU.Build.0 = Release|Any CPU
	EndGlobalSection
	GlobalSection(SolutionProperties) = preSolution
		HideSolutionNode = FALSE
	EndGlobalSection
	GlobalSection(ExtensibilityGlobals) = postSolution
		SolutionGuid = {59E96999-8A7A-4353-9834-B1B1392BAF1A}
	EndGlobalSection
EndGlobal
