
Microsoft Visual Studio Solution File, Format Version 12.00
# Visual Studio Version 17
VisualStudioVersion = 17.9.34622.214
MinimumVisualStudioVersion = 10.0.40219.1
Project("{E53339B2-1760-4266-BCC7-CA923CBCF16C}") = "docker-compose", "docker-compose.dcproj", "{EAA0E5C4-583F-4535-AA3C-CFCFB4185ED8}"
EndProject
Project("{2150E333-8FDC-42A3-9474-1A3956D46DE8}") = "ApiGateways", "ApiGateways", "{4B7E6457-18EA-48F9-8367-B5CDB5AF1594}"
EndProject
Project("{2150E333-8FDC-42A3-9474-1A3956D46DE8}") = "BuildingBlocks", "BuildingBlocks", "{F50234D4-7A00-4E32-AAE2-71941F2F6C43}"
EndProject
Project("{2150E333-8FDC-42A3-9474-1A3956D46DE8}") = "Services", "Services", "{95C4465E-6044-421D-BAD1-F3ED22908CDD}"
EndProject
Project("{9A19103F-16F7-4668-BE54-9A1E7A4F7556}") = "ApiGateway", "ApiGateways\ApiGateway\ApiGateway.csproj", "{F004F052-36E1-47D1-8BCF-FEB210F22F5E}"
EndProject
Project("{9A19103F-16F7-4668-BE54-9A1E7A4F7556}") = "Common.Consul", "BuildingBlocks\Common.Consul\Common.Consul.csproj", "{629F62D5-1DD5-4F57-8D2A-2A6766B30BF0}"
EndProject
Project("{9A19103F-16F7-4668-BE54-9A1E7A4F7556}") = "Common.Models", "BuildingBlocks\Common.Models\Common.Models.csproj", "{F50784B6-89D0-43A0-A7CD-AA38C3292B10}"
EndProject
Project("{9A19103F-16F7-4668-BE54-9A1E7A4F7556}") = "IdentityServer", "Services\IdentityServer\IdentityServer.csproj", "{94784410-020C-4EB6-BDC0-5833C564CCE2}"
EndProject
Project("{9A19103F-16F7-4668-BE54-9A1E7A4F7556}") = "Inventory", "Services\Inventory\Inventory.csproj", "{37E1E3E5-4742-4288-845E-C9A67CC03169}"
EndProject
Project("{9A19103F-16F7-4668-BE54-9A1E7A4F7556}") = "LoginApi", "Services\LoginApi\LoginApi.csproj", "{179AC28A-AB7E-4D35-93F1-937CD7D775F8}"
EndProject
Project("{9A19103F-16F7-4668-BE54-9A1E7A4F7556}") = "Order", "Services\Order\Order.csproj", "{1C2C06E8-F978-4DB7-97A4-B8819111515C}"
EndProject
Project("{9A19103F-16F7-4668-BE54-9A1E7A4F7556}") = "Basket.Api", "Services\Basket.Api\Basket.Api.csproj", "{5C4E6A96-DF85-4666-87CB-6B54384AFD06}"
EndProject
Global
	GlobalSection(SolutionConfigurationPlatforms) = preSolution
		Debug|Any CPU = Debug|Any CPU
		Release|Any CPU = Release|Any CPU
	EndGlobalSection
	GlobalSection(ProjectConfigurationPlatforms) = postSolution
		{EAA0E5C4-583F-4535-AA3C-CFCFB4185ED8}.Debug|Any CPU.ActiveCfg = Debug|Any CPU
		{EAA0E5C4-583F-4535-AA3C-CFCFB4185ED8}.Debug|Any CPU.Build.0 = Debug|Any CPU
		{EAA0E5C4-583F-4535-AA3C-CFCFB4185ED8}.Release|Any CPU.ActiveCfg = Release|Any CPU
		{EAA0E5C4-583F-4535-AA3C-CFCFB4185ED8}.Release|Any CPU.Build.0 = Release|Any CPU
		{F004F052-36E1-47D1-8BCF-FEB210F22F5E}.Debug|Any CPU.ActiveCfg = Debug|Any CPU
		{F004F052-36E1-47D1-8BCF-FEB210F22F5E}.Debug|Any CPU.Build.0 = Debug|Any CPU
		{F004F052-36E1-47D1-8BCF-FEB210F22F5E}.Release|Any CPU.ActiveCfg = Release|Any CPU
		{F004F052-36E1-47D1-8BCF-FEB210F22F5E}.Release|Any CPU.Build.0 = Release|Any CPU
		{629F62D5-1DD5-4F57-8D2A-2A6766B30BF0}.Debug|Any CPU.ActiveCfg = Debug|Any CPU
		{629F62D5-1DD5-4F57-8D2A-2A6766B30BF0}.Debug|Any CPU.Build.0 = Debug|Any CPU
		{629F62D5-1DD5-4F57-8D2A-2A6766B30BF0}.Release|Any CPU.ActiveCfg = Release|Any CPU
		{629F62D5-1DD5-4F57-8D2A-2A6766B30BF0}.Release|Any CPU.Build.0 = Release|Any CPU
		{F50784B6-89D0-43A0-A7CD-AA38C3292B10}.Debug|Any CPU.ActiveCfg = Debug|Any CPU
		{F50784B6-89D0-43A0-A7CD-AA38C3292B10}.Debug|Any CPU.Build.0 = Debug|Any CPU
		{F50784B6-89D0-43A0-A7CD-AA38C3292B10}.Release|Any CPU.ActiveCfg = Release|Any CPU
		{F50784B6-89D0-43A0-A7CD-AA38C3292B10}.Release|Any CPU.Build.0 = Release|Any CPU
		{94784410-020C-4EB6-BDC0-5833C564CCE2}.Debug|Any CPU.ActiveCfg = Debug|Any CPU
		{94784410-020C-4EB6-BDC0-5833C564CCE2}.Debug|Any CPU.Build.0 = Debug|Any CPU
		{94784410-020C-4EB6-BDC0-5833C564CCE2}.Release|Any CPU.ActiveCfg = Release|Any CPU
		{94784410-020C-4EB6-BDC0-5833C564CCE2}.Release|Any CPU.Build.0 = Release|Any CPU
		{37E1E3E5-4742-4288-845E-C9A67CC03169}.Debug|Any CPU.ActiveCfg = Debug|Any CPU
		{37E1E3E5-4742-4288-845E-C9A67CC03169}.Debug|Any CPU.Build.0 = Debug|Any CPU
		{37E1E3E5-4742-4288-845E-C9A67CC03169}.Release|Any CPU.ActiveCfg = Release|Any CPU
		{37E1E3E5-4742-4288-845E-C9A67CC03169}.Release|Any CPU.Build.0 = Release|Any CPU
		{179AC28A-AB7E-4D35-93F1-937CD7D775F8}.Debug|Any CPU.ActiveCfg = Debug|Any CPU
		{179AC28A-AB7E-4D35-93F1-937CD7D775F8}.Debug|Any CPU.Build.0 = Debug|Any CPU
		{179AC28A-AB7E-4D35-93F1-937CD7D775F8}.Release|Any CPU.ActiveCfg = Release|Any CPU
		{179AC28A-AB7E-4D35-93F1-937CD7D775F8}.Release|Any CPU.Build.0 = Release|Any CPU
		{1C2C06E8-F978-4DB7-97A4-B8819111515C}.Debug|Any CPU.ActiveCfg = Debug|Any CPU
		{1C2C06E8-F978-4DB7-97A4-B8819111515C}.Debug|Any CPU.Build.0 = Debug|Any CPU
		{1C2C06E8-F978-4DB7-97A4-B8819111515C}.Release|Any CPU.ActiveCfg = Release|Any CPU
		{1C2C06E8-F978-4DB7-97A4-B8819111515C}.Release|Any CPU.Build.0 = Release|Any CPU
		{5C4E6A96-DF85-4666-87CB-6B54384AFD06}.Debug|Any CPU.ActiveCfg = Debug|Any CPU
		{5C4E6A96-DF85-4666-87CB-6B54384AFD06}.Debug|Any CPU.Build.0 = Debug|Any CPU
		{5C4E6A96-DF85-4666-87CB-6B54384AFD06}.Release|Any CPU.ActiveCfg = Release|Any CPU
		{5C4E6A96-DF85-4666-87CB-6B54384AFD06}.Release|Any CPU.Build.0 = Release|Any CPU
	EndGlobalSection
	GlobalSection(SolutionProperties) = preSolution
		HideSolutionNode = FALSE
	EndGlobalSection
	GlobalSection(NestedProjects) = preSolution
		{F004F052-36E1-47D1-8BCF-FEB210F22F5E} = {4B7E6457-18EA-48F9-8367-B5CDB5AF1594}
		{629F62D5-1DD5-4F57-8D2A-2A6766B30BF0} = {F50234D4-7A00-4E32-AAE2-71941F2F6C43}
		{F50784B6-89D0-43A0-A7CD-AA38C3292B10} = {F50234D4-7A00-4E32-AAE2-71941F2F6C43}
		{94784410-020C-4EB6-BDC0-5833C564CCE2} = {95C4465E-6044-421D-BAD1-F3ED22908CDD}
		{37E1E3E5-4742-4288-845E-C9A67CC03169} = {95C4465E-6044-421D-BAD1-F3ED22908CDD}
		{179AC28A-AB7E-4D35-93F1-937CD7D775F8} = {95C4465E-6044-421D-BAD1-F3ED22908CDD}
		{1C2C06E8-F978-4DB7-97A4-B8819111515C} = {95C4465E-6044-421D-BAD1-F3ED22908CDD}
		{5C4E6A96-DF85-4666-87CB-6B54384AFD06} = {95C4465E-6044-421D-BAD1-F3ED22908CDD}
	EndGlobalSection
	GlobalSection(ExtensibilityGlobals) = postSolution
		SolutionGuid = {59E96999-8A7A-4353-9834-B1B1392BAF1A}
	EndGlobalSection
EndGlobal
